{
  "nodes": {
    "emacs": {
      "locked": {
        "lastModified": 1641810687,
        "narHash": "sha256-+ToGeUXg+AAoRK+VsklbEc/ddkqasVDgn/FiXWIyv50=",
        "owner": "nix-community",
        "repo": "emacs-overlay",
        "rev": "e09be5b38c8d4c7edcbc94e273b6a6427b2d8f68",
        "type": "github"
      },
      "original": {
        "owner": "nix-community",
        "repo": "emacs-overlay",
        "type": "github"
      }
    },
    "home-manager": {
      "inputs": {
        "nixpkgs": [
          "nixpkgs"
        ]
      },
      "locked": {
        "lastModified": 1641799033,
        "narHash": "sha256-f7/p46rC65buVGk7OHb9sxJ+kF1xzs3NUuLZExoqCqY=",
        "owner": "nix-community",
        "repo": "home-manager",
        "rev": "f3be3cda6a69365f2acecc201b3cd1ee4f6d4614",
        "type": "github"
      },
      "original": {
        "owner": "nix-community",
        "repo": "home-manager",
        "type": "github"
      }
    },
    "master": {
      "locked": {
        "lastModified": 1641814579,
        "narHash": "sha256-uBm0cQJ2WscFTsyLCcSQ4jmQFFQ36W/FS+Lmlhya2NA=",
        "owner": "nixos",
        "repo": "nixpkgs",
        "rev": "b426ea250c498a995d97b03907fde9ef592e6b9f",
        "type": "github"
      },
      "original": {
        "owner": "nixos",
        "ref": "master",
        "repo": "nixpkgs",
        "type": "github"
      }
    },
    "nixpkgs": {
      "locked": {
        "lastModified": 1641783572,
        "narHash": "sha256-gkrIuUtbRKGEb+SrBVl6hEG4PY9rg+zhDyX0n3mRFMY=",
        "owner": "nixos",
        "repo": "nixpkgs",
        "rev": "79c7b6a353e22f0eec342dead0bc69fb7ce846db",
        "type": "github"
      },
      "original": {
        "owner": "nixos",
        "ref": "nixos-21.11",
        "repo": "nixpkgs",
        "type": "github"
      }
    },
    "nur": {
      "locked": {
        "lastModified": 1641810589,
        "narHash": "sha256-FXHdu7KltmI5zDK6I0uhC4tqraiIlkHnyR0lzsjnu+o=",
        "owner": "nix-community",
        "repo": "NUR",
        "rev": "e9fdc9ac2db82d6095cada8a9a3fa6c2c944f89e",
        "type": "github"
      },
      "original": {
        "owner": "nix-community",
        "repo": "NUR",
        "type": "github"
      }
    },
    "root": {
      "inputs": {
        "emacs": "emacs",
        "home-manager": "home-manager",
        "master": "master",
        "nixpkgs": "nixpkgs",
        "nur": "nur",
        "stable": "stable",
        "unstable": "unstable"
      }
    },
    "stable": {
      "locked": {
        "lastModified": 1641783572,
        "narHash": "sha256-gkrIuUtbRKGEb+SrBVl6hEG4PY9rg+zhDyX0n3mRFMY=",
        "owner": "nixos",
        "repo": "nixpkgs",
        "rev": "79c7b6a353e22f0eec342dead0bc69fb7ce846db",
        "type": "github"
      },
      "original": {
        "owner": "nixos",
        "ref": "nixos-21.11",
        "repo": "nixpkgs",
        "type": "github"
      }
    },
    "unstable": {
      "locked": {
        "lastModified": 1641710811,
        "narHash": "sha256-yVJ+CtwWZY8BnkNIJ/ue5a28yrRM6CkDF1LvmGmqqwM=",
        "owner": "nixos",
        "repo": "nixpkgs",
        "rev": "0ecf7d414811f831060cf55707c374d54fbb1dec",
        "type": "github"
      },
      "original": {
        "owner": "nixos",
        "ref": "nixos-unstable",
        "repo": "nixpkgs",
        "type": "github"
      }
    }
  },
  "root": "root",
  "version": 7
}
