{
  "nodes": {
    "emacs": {
      "locked": {
        "lastModified": 1633944408,
        "narHash": "sha256-MfWVgOe6UHC0GvR8vDMVmXZZRCpfQ77JynmkUqpCFW4=",
        "owner": "nix-community",
        "repo": "emacs-overlay",
        "rev": "c8656f7150ac773cd042204be112032149bf7711",
        "type": "github"
      },
      "original": {
        "owner": "nix-community",
        "repo": "emacs-overlay",
        "type": "github"
      }
    },
    "home-manager": {
      "inputs": {
        "nixpkgs": [
          "nixpkgs"
        ]
      },
      "locked": {
        "lastModified": 1633733120,
        "narHash": "sha256-IdUgCn7eud2he4LWZpzFPf1D2u+mjZC09mvo3oSNoss=",
        "owner": "nix-community",
        "repo": "home-manager",
        "rev": "32285d8fe64138a41f1caed23d94f28529ea4eb4",
        "type": "github"
      },
      "original": {
        "owner": "nix-community",
        "repo": "home-manager",
        "type": "github"
      }
    },
    "master": {
      "locked": {
        "lastModified": 1635068075,
        "narHash": "sha256-xMg785fU7Ta4U172tmPkWRMlPiRPXNU2+XeZbXT2nL4=",
        "owner": "nixos",
        "repo": "nixpkgs",
        "rev": "da675ab0ef8ac399a2c022bbfaf7931b18b86831",
        "type": "github"
      },
      "original": {
        "owner": "nixos",
        "ref": "master",
        "repo": "nixpkgs",
        "type": "github"
      }
    },
    "nixpkgs": {
      "locked": {
        "lastModified": 1633853057,
        "narHash": "sha256-TUf/NYJlIw7wVMLFt5G4TRwtrnbz+uuXtTEbulxxI8Y=",
        "owner": "nixos",
        "repo": "nixpkgs",
        "rev": "93ca5ab64f78ce778c0bcecf9458263f0f6289b6",
        "type": "github"
      },
      "original": {
        "owner": "nixos",
        "ref": "nixos-21.05",
        "repo": "nixpkgs",
        "type": "github"
      }
    },
    "nur": {
      "locked": {
        "lastModified": 1633941607,
        "narHash": "sha256-xYsb7OqgVIrw1RWIGDv4xVrUdWWJTp9BNrIBEmxjyJc=",
        "owner": "nix-community",
        "repo": "NUR",
        "rev": "94bc4e9ed1d56112864944744571989fb8836811",
        "type": "github"
      },
      "original": {
        "owner": "nix-community",
        "repo": "NUR",
        "type": "github"
      }
    },
    "root": {
      "inputs": {
        "emacs": "emacs",
        "home-manager": "home-manager",
        "master": "master",
        "nixpkgs": "nixpkgs",
        "nur": "nur",
        "stable": "stable",
        "unstable": "unstable"
      }
    },
    "stable": {
      "locked": {
        "lastModified": 1635024461,
        "narHash": "sha256-yUU86lOsqqe/qI2pItEJGxx87cHeJiEJhDZvAXvrqfQ=",
        "owner": "nixos",
        "repo": "nixpkgs",
        "rev": "95eed9b64eee24975b880308065654fd059f22c3",
        "type": "github"
      },
      "original": {
        "owner": "nixos",
        "ref": "nixos-21.05",
        "repo": "nixpkgs",
        "type": "github"
      }
    },
    "unstable": {
      "locked": {
        "lastModified": 1634782485,
        "narHash": "sha256-psfh4OQSokGXG0lpq3zKFbhOo3QfoeudRcaUnwMRkQo=",
        "owner": "nixos",
        "repo": "nixpkgs",
        "rev": "34ad3ffe08adfca17fcb4e4a47bb5f3b113687be",
        "type": "github"
      },
      "original": {
        "owner": "nixos",
        "ref": "nixos-unstable",
        "repo": "nixpkgs",
        "type": "github"
      }
    }
  },
  "root": "root",
  "version": 7
}
