{
  "nodes": {
    "emacs": {
      "locked": {
        "lastModified": 1641724923,
        "narHash": "sha256-q19K766EWH1rgv/6I1loH/CKqBft0TbvjoyY23jVraI=",
        "owner": "nix-community",
        "repo": "emacs-overlay",
        "rev": "552395eb4ab9f9a6d39f78d92c08151bdd4c36d8",
        "type": "github"
      },
      "original": {
        "owner": "nix-community",
        "repo": "emacs-overlay",
        "type": "github"
      }
    },
    "home-manager": {
      "inputs": {
        "nixpkgs": [
          "nixpkgs"
        ]
      },
      "locked": {
        "lastModified": 1641700429,
        "narHash": "sha256-+Pd33S+4+VX6RYGJQ5Q4n46+iRLr9y9ilq9oC/bcnoc=",
        "owner": "nix-community",
        "repo": "home-manager",
        "rev": "a90ddcd62748e445bbbe01834595eda29dc28db9",
        "type": "github"
      },
      "original": {
        "owner": "nix-community",
        "repo": "home-manager",
        "type": "github"
      }
    },
    "master": {
      "locked": {
        "lastModified": 1641743096,
        "narHash": "sha256-BUUFzTI1MS8CJk3QgVnNA2vVsHETmwFJmzgiUIxqtoE=",
        "owner": "nixos",
        "repo": "nixpkgs",
        "rev": "7635d29dd8e8d55982387f2c9e95400d2319a82f",
        "type": "github"
      },
      "original": {
        "owner": "nixos",
        "ref": "master",
        "repo": "nixpkgs",
        "type": "github"
      }
    },
    "nixpkgs": {
      "locked": {
        "lastModified": 1641229786,
        "narHash": "sha256-WPPcLNbVu6ryj772GooUpF285LOvRHdOo/UNJgPnFYI=",
        "owner": "nixos",
        "repo": "nixpkgs",
        "rev": "88579effa7e88c25087faf6de6388d0cd1738dc0",
        "type": "github"
      },
      "original": {
        "owner": "nixos",
        "ref": "nixos-21.05",
        "repo": "nixpkgs",
        "type": "github"
      }
    },
    "nur": {
      "locked": {
        "lastModified": 1641742475,
        "narHash": "sha256-PHhExv50RrN67Ers+fhm8r8pKov9eDEilM45z/S+GcQ=",
        "owner": "nix-community",
        "repo": "NUR",
        "rev": "6673da31b100b154560aa61523b2648ae11a48f0",
        "type": "github"
      },
      "original": {
        "owner": "nix-community",
        "repo": "NUR",
        "type": "github"
      }
    },
    "root": {
      "inputs": {
        "emacs": "emacs",
        "home-manager": "home-manager",
        "master": "master",
        "nixpkgs": "nixpkgs",
        "nur": "nur",
        "stable": "stable",
        "unstable": "unstable"
      }
    },
    "stable": {
      "locked": {
        "lastModified": 1641229786,
        "narHash": "sha256-WPPcLNbVu6ryj772GooUpF285LOvRHdOo/UNJgPnFYI=",
        "owner": "nixos",
        "repo": "nixpkgs",
        "rev": "88579effa7e88c25087faf6de6388d0cd1738dc0",
        "type": "github"
      },
      "original": {
        "owner": "nixos",
        "ref": "nixos-21.05",
        "repo": "nixpkgs",
        "type": "github"
      }
    },
    "unstable": {
      "locked": {
        "lastModified": 1641528457,
        "narHash": "sha256-FyU9E63n1W7Ql4pMnhW2/rO9OftWZ37pLppn/c1aisY=",
        "owner": "nixos",
        "repo": "nixpkgs",
        "rev": "ff377a78794d412a35245e05428c8f95fef3951f",
        "type": "github"
      },
      "original": {
        "owner": "nixos",
        "ref": "nixos-unstable",
        "repo": "nixpkgs",
        "type": "github"
      }
    }
  },
  "root": "root",
  "version": 7
}
